{
  "name": "MellowSoundStudio",
  "lockfileVersion": 3,
  "requires": true,
  "packages": {
    "": {
      "dependencies": {
        "scrollbooster": "^3.0.2"
      }
    },
    "node_modules/scrollbooster": {
      "version": "3.0.2",
      "resolved": "https://registry.npmjs.org/scrollbooster/-/scrollbooster-3.0.2.tgz",
      "integrity": "sha512-WZjvtSxCgCEbfc+9DmxfhuK6ACOqQr3jymniIp4I9Hh0mIEK1CKS4t+d7iPdeuILP5Q/we13h4YUHD0o+gPiRg==",
      "license": "MIT"
    }
  }
}
